
Microsoft Visual Studio Solution File, Format Version 12.00
# Visual Studio 14
VisualStudioVersion = 14.0.25420.1
MinimumVisualStudioVersion = 10.0.40219.1
Project("{FAE04EC0-301F-11D3-BF4B-00C04F79EFBC}") = "HW07", "HW07\HW07\HW07.csproj", "{91081A74-4C5E-4CDC-B49C-EBB44FB6F6BA}"
EndProject
Project("{FAE04EC0-301F-11D3-BF4B-00C04F79EFBC}") = "HW07.Droid", "HW07\HW07.Droid\HW07.Droid.csproj", "{7E0225F9-BBC2-4DCC-BFAD-62D9A329FB27}"
EndProject
Project("{FAE04EC0-301F-11D3-BF4B-00C04F79EFBC}") = "HW07.iOS", "HW07\HW07.iOS\HW07.iOS.csproj", "{2E0CE959-EF09-4853-8ACF-356A0B16E72D}"
EndProject
Project("{FAE04EC0-301F-11D3-BF4B-00C04F79EFBC}") = "HW07.UWP", "HW07\HW07.UWP\HW07.UWP.csproj", "{03495ABB-EE12-4CDA-AAC1-0BF2DECF1725}"
EndProject
Global
	GlobalSection(SolutionConfigurationPlatforms) = preSolution
		Ad-Hoc|Any CPU = Ad-Hoc|Any CPU
		Ad-Hoc|ARM = Ad-Hoc|ARM
		Ad-Hoc|iPhone = Ad-Hoc|iPhone
		Ad-Hoc|iPhoneSimulator = Ad-Hoc|iPhoneSimulator
		Ad-Hoc|x64 = Ad-Hoc|x64
		Ad-Hoc|x86 = Ad-Hoc|x86
		AppStore|Any CPU = AppStore|Any CPU
		AppStore|ARM = AppStore|ARM
		AppStore|iPhone = AppStore|iPhone
		AppStore|iPhoneSimulator = AppStore|iPhoneSimulator
		AppStore|x64 = AppStore|x64
		AppStore|x86 = AppStore|x86
		Debug|Any CPU = Debug|Any CPU
		Debug|ARM = Debug|ARM
		Debug|iPhone = Debug|iPhone
		Debug|iPhoneSimulator = Debug|iPhoneSimulator
		Debug|x64 = Debug|x64
		Debug|x86 = Debug|x86
		Release|Any CPU = Release|Any CPU
		Release|ARM = Release|ARM
		Release|iPhone = Release|iPhone
		Release|iPhoneSimulator = Release|iPhoneSimulator
		Release|x64 = Release|x64
		Release|x86 = Release|x86
	EndGlobalSection
	GlobalSection(ProjectConfigurationPlatforms) = postSolution
		{91081A74-4C5E-4CDC-B49C-EBB44FB6F6BA}.Ad-Hoc|Any CPU.ActiveCfg = Release|Any CPU
		{91081A74-4C5E-4CDC-B49C-EBB44FB6F6BA}.Ad-Hoc|Any CPU.Build.0 = Release|Any CPU
		{91081A74-4C5E-4CDC-B49C-EBB44FB6F6BA}.Ad-Hoc|ARM.ActiveCfg = Release|Any CPU
		{91081A74-4C5E-4CDC-B49C-EBB44FB6F6BA}.Ad-Hoc|ARM.Build.0 = Release|Any CPU
		{91081A74-4C5E-4CDC-B49C-EBB44FB6F6BA}.Ad-Hoc|iPhone.ActiveCfg = Release|Any CPU
		{91081A74-4C5E-4CDC-B49C-EBB44FB6F6BA}.Ad-Hoc|iPhone.Build.0 = Release|Any CPU
		{91081A74-4C5E-4CDC-B49C-EBB44FB6F6BA}.Ad-Hoc|iPhoneSimulator.ActiveCfg = Release|Any CPU
		{91081A74-4C5E-4CDC-B49C-EBB44FB6F6BA}.Ad-Hoc|iPhoneSimulator.Build.0 = Release|Any CPU
		{91081A74-4C5E-4CDC-B49C-EBB44FB6F6BA}.Ad-Hoc|x64.ActiveCfg = Release|Any CPU
		{91081A74-4C5E-4CDC-B49C-EBB44FB6F6BA}.Ad-Hoc|x64.Build.0 = Release|Any CPU
		{91081A74-4C5E-4CDC-B49C-EBB44FB6F6BA}.Ad-Hoc|x86.ActiveCfg = Release|Any CPU
		{91081A74-4C5E-4CDC-B49C-EBB44FB6F6BA}.Ad-Hoc|x86.Build.0 = Release|Any CPU
		{91081A74-4C5E-4CDC-B49C-EBB44FB6F6BA}.AppStore|Any CPU.ActiveCfg = Release|Any CPU
		{91081A74-4C5E-4CDC-B49C-EBB44FB6F6BA}.AppStore|Any CPU.Build.0 = Release|Any CPU
		{91081A74-4C5E-4CDC-B49C-EBB44FB6F6BA}.AppStore|ARM.ActiveCfg = Release|Any CPU
		{91081A74-4C5E-4CDC-B49C-EBB44FB6F6BA}.AppStore|ARM.Build.0 = Release|Any CPU
		{91081A74-4C5E-4CDC-B49C-EBB44FB6F6BA}.AppStore|iPhone.ActiveCfg = Release|Any CPU
		{91081A74-4C5E-4CDC-B49C-EBB44FB6F6BA}.AppStore|iPhone.Build.0 = Release|Any CPU
		{91081A74-4C5E-4CDC-B49C-EBB44FB6F6BA}.AppStore|iPhoneSimulator.ActiveCfg = Release|Any CPU
		{91081A74-4C5E-4CDC-B49C-EBB44FB6F6BA}.AppStore|iPhoneSimulator.Build.0 = Release|Any CPU
		{91081A74-4C5E-4CDC-B49C-EBB44FB6F6BA}.AppStore|x64.ActiveCfg = Release|Any CPU
		{91081A74-4C5E-4CDC-B49C-EBB44FB6F6BA}.AppStore|x64.Build.0 = Release|Any CPU
		{91081A74-4C5E-4CDC-B49C-EBB44FB6F6BA}.AppStore|x86.ActiveCfg = Release|Any CPU
		{91081A74-4C5E-4CDC-B49C-EBB44FB6F6BA}.AppStore|x86.Build.0 = Release|Any CPU
		{91081A74-4C5E-4CDC-B49C-EBB44FB6F6BA}.Debug|Any CPU.ActiveCfg = Debug|Any CPU
		{91081A74-4C5E-4CDC-B49C-EBB44FB6F6BA}.Debug|Any CPU.Build.0 = Debug|Any CPU
		{91081A74-4C5E-4CDC-B49C-EBB44FB6F6BA}.Debug|ARM.ActiveCfg = Debug|Any CPU
		{91081A74-4C5E-4CDC-B49C-EBB44FB6F6BA}.Debug|ARM.Build.0 = Debug|Any CPU
		{91081A74-4C5E-4CDC-B49C-EBB44FB6F6BA}.Debug|iPhone.ActiveCfg = Debug|Any CPU
		{91081A74-4C5E-4CDC-B49C-EBB44FB6F6BA}.Debug|iPhone.Build.0 = Debug|Any CPU
		{91081A74-4C5E-4CDC-B49C-EBB44FB6F6BA}.Debug|iPhoneSimulator.ActiveCfg = Debug|Any CPU
		{91081A74-4C5E-4CDC-B49C-EBB44FB6F6BA}.Debug|iPhoneSimulator.Build.0 = Debug|Any CPU
		{91081A74-4C5E-4CDC-B49C-EBB44FB6F6BA}.Debug|x64.ActiveCfg = Debug|Any CPU
		{91081A74-4C5E-4CDC-B49C-EBB44FB6F6BA}.Debug|x64.Build.0 = Debug|Any CPU
		{91081A74-4C5E-4CDC-B49C-EBB44FB6F6BA}.Debug|x86.ActiveCfg = Debug|Any CPU
		{91081A74-4C5E-4CDC-B49C-EBB44FB6F6BA}.Debug|x86.Build.0 = Debug|Any CPU
		{91081A74-4C5E-4CDC-B49C-EBB44FB6F6BA}.Release|Any CPU.ActiveCfg = Release|Any CPU
		{91081A74-4C5E-4CDC-B49C-EBB44FB6F6BA}.Release|Any CPU.Build.0 = Release|Any CPU
		{91081A74-4C5E-4CDC-B49C-EBB44FB6F6BA}.Release|ARM.ActiveCfg = Release|Any CPU
		{91081A74-4C5E-4CDC-B49C-EBB44FB6F6BA}.Release|ARM.Build.0 = Release|Any CPU
		{91081A74-4C5E-4CDC-B49C-EBB44FB6F6BA}.Release|iPhone.ActiveCfg = Release|Any CPU
		{91081A74-4C5E-4CDC-B49C-EBB44FB6F6BA}.Release|iPhone.Build.0 = Release|Any CPU
		{91081A74-4C5E-4CDC-B49C-EBB44FB6F6BA}.Release|iPhoneSimulator.ActiveCfg = Release|Any CPU
		{91081A74-4C5E-4CDC-B49C-EBB44FB6F6BA}.Release|iPhoneSimulator.Build.0 = Release|Any CPU
		{91081A74-4C5E-4CDC-B49C-EBB44FB6F6BA}.Release|x64.ActiveCfg = Release|Any CPU
		{91081A74-4C5E-4CDC-B49C-EBB44FB6F6BA}.Release|x64.Build.0 = Release|Any CPU
		{91081A74-4C5E-4CDC-B49C-EBB44FB6F6BA}.Release|x86.ActiveCfg = Release|Any CPU
		{91081A74-4C5E-4CDC-B49C-EBB44FB6F6BA}.Release|x86.Build.0 = Release|Any CPU
		{7E0225F9-BBC2-4DCC-BFAD-62D9A329FB27}.Ad-Hoc|Any CPU.ActiveCfg = Release|Any CPU
		{7E0225F9-BBC2-4DCC-BFAD-62D9A329FB27}.Ad-Hoc|Any CPU.Build.0 = Release|Any CPU
		{7E0225F9-BBC2-4DCC-BFAD-62D9A329FB27}.Ad-Hoc|Any CPU.Deploy.0 = Release|Any CPU
		{7E0225F9-BBC2-4DCC-BFAD-62D9A329FB27}.Ad-Hoc|ARM.ActiveCfg = Release|Any CPU
		{7E0225F9-BBC2-4DCC-BFAD-62D9A329FB27}.Ad-Hoc|ARM.Build.0 = Release|Any CPU
		{7E0225F9-BBC2-4DCC-BFAD-62D9A329FB27}.Ad-Hoc|ARM.Deploy.0 = Release|Any CPU
		{7E0225F9-BBC2-4DCC-BFAD-62D9A329FB27}.Ad-Hoc|iPhone.ActiveCfg = Release|Any CPU
		{7E0225F9-BBC2-4DCC-BFAD-62D9A329FB27}.Ad-Hoc|iPhone.Build.0 = Release|Any CPU
		{7E0225F9-BBC2-4DCC-BFAD-62D9A329FB27}.Ad-Hoc|iPhone.Deploy.0 = Release|Any CPU
		{7E0225F9-BBC2-4DCC-BFAD-62D9A329FB27}.Ad-Hoc|iPhoneSimulator.ActiveCfg = Release|Any CPU
		{7E0225F9-BBC2-4DCC-BFAD-62D9A329FB27}.Ad-Hoc|iPhoneSimulator.Build.0 = Release|Any CPU
		{7E0225F9-BBC2-4DCC-BFAD-62D9A329FB27}.Ad-Hoc|iPhoneSimulator.Deploy.0 = Release|Any CPU
		{7E0225F9-BBC2-4DCC-BFAD-62D9A329FB27}.Ad-Hoc|x64.ActiveCfg = Release|Any CPU
		{7E0225F9-BBC2-4DCC-BFAD-62D9A329FB27}.Ad-Hoc|x64.Build.0 = Release|Any CPU
		{7E0225F9-BBC2-4DCC-BFAD-62D9A329FB27}.Ad-Hoc|x64.Deploy.0 = Release|Any CPU
		{7E0225F9-BBC2-4DCC-BFAD-62D9A329FB27}.Ad-Hoc|x86.ActiveCfg = Release|Any CPU
		{7E0225F9-BBC2-4DCC-BFAD-62D9A329FB27}.Ad-Hoc|x86.Build.0 = Release|Any CPU
		{7E0225F9-BBC2-4DCC-BFAD-62D9A329FB27}.Ad-Hoc|x86.Deploy.0 = Release|Any CPU
		{7E0225F9-BBC2-4DCC-BFAD-62D9A329FB27}.AppStore|Any CPU.ActiveCfg = Release|Any CPU
		{7E0225F9-BBC2-4DCC-BFAD-62D9A329FB27}.AppStore|Any CPU.Build.0 = Release|Any CPU
		{7E0225F9-BBC2-4DCC-BFAD-62D9A329FB27}.AppStore|Any CPU.Deploy.0 = Release|Any CPU
		{7E0225F9-BBC2-4DCC-BFAD-62D9A329FB27}.AppStore|ARM.ActiveCfg = Release|Any CPU
		{7E0225F9-BBC2-4DCC-BFAD-62D9A329FB27}.AppStore|ARM.Build.0 = Release|Any CPU
		{7E0225F9-BBC2-4DCC-BFAD-62D9A329FB27}.AppStore|ARM.Deploy.0 = Release|Any CPU
		{7E0225F9-BBC2-4DCC-BFAD-62D9A329FB27}.AppStore|iPhone.ActiveCfg = Release|Any CPU
		{7E0225F9-BBC2-4DCC-BFAD-62D9A329FB27}.AppStore|iPhone.Build.0 = Release|Any CPU
		{7E0225F9-BBC2-4DCC-BFAD-62D9A329FB27}.AppStore|iPhone.Deploy.0 = Release|Any CPU
		{7E0225F9-BBC2-4DCC-BFAD-62D9A329FB27}.AppStore|iPhoneSimulator.ActiveCfg = Release|Any CPU
		{7E0225F9-BBC2-4DCC-BFAD-62D9A329FB27}.AppStore|iPhoneSimulator.Build.0 = Release|Any CPU
		{7E0225F9-BBC2-4DCC-BFAD-62D9A329FB27}.AppStore|iPhoneSimulator.Deploy.0 = Release|Any CPU
		{7E0225F9-BBC2-4DCC-BFAD-62D9A329FB27}.AppStore|x64.ActiveCfg = Release|Any CPU
		{7E0225F9-BBC2-4DCC-BFAD-62D9A329FB27}.AppStore|x64.Build.0 = Release|Any CPU
		{7E0225F9-BBC2-4DCC-BFAD-62D9A329FB27}.AppStore|x64.Deploy.0 = Release|Any CPU
		{7E0225F9-BBC2-4DCC-BFAD-62D9A329FB27}.AppStore|x86.ActiveCfg = Release|Any CPU
		{7E0225F9-BBC2-4DCC-BFAD-62D9A329FB27}.AppStore|x86.Build.0 = Release|Any CPU
		{7E0225F9-BBC2-4DCC-BFAD-62D9A329FB27}.AppStore|x86.Deploy.0 = Release|Any CPU
		{7E0225F9-BBC2-4DCC-BFAD-62D9A329FB27}.Debug|Any CPU.ActiveCfg = Debug|Any CPU
		{7E0225F9-BBC2-4DCC-BFAD-62D9A329FB27}.Debug|Any CPU.Build.0 = Debug|Any CPU
		{7E0225F9-BBC2-4DCC-BFAD-62D9A329FB27}.Debug|Any CPU.Deploy.0 = Debug|Any CPU
		{7E0225F9-BBC2-4DCC-BFAD-62D9A329FB27}.Debug|ARM.ActiveCfg = Debug|Any CPU
		{7E0225F9-BBC2-4DCC-BFAD-62D9A329FB27}.Debug|ARM.Build.0 = Debug|Any CPU
		{7E0225F9-BBC2-4DCC-BFAD-62D9A329FB27}.Debug|ARM.Deploy.0 = Debug|Any CPU
		{7E0225F9-BBC2-4DCC-BFAD-62D9A329FB27}.Debug|iPhone.ActiveCfg = Debug|Any CPU
		{7E0225F9-BBC2-4DCC-BFAD-62D9A329FB27}.Debug|iPhone.Build.0 = Debug|Any CPU
		{7E0225F9-BBC2-4DCC-BFAD-62D9A329FB27}.Debug|iPhone.Deploy.0 = Debug|Any CPU
		{7E0225F9-BBC2-4DCC-BFAD-62D9A329FB27}.Debug|iPhoneSimulator.ActiveCfg = Debug|Any CPU
		{7E0225F9-BBC2-4DCC-BFAD-62D9A329FB27}.Debug|iPhoneSimulator.Build.0 = Debug|Any CPU
		{7E0225F9-BBC2-4DCC-BFAD-62D9A329FB27}.Debug|iPhoneSimulator.Deploy.0 = Debug|Any CPU
		{7E0225F9-BBC2-4DCC-BFAD-62D9A329FB27}.Debug|x64.ActiveCfg = Debug|Any CPU
		{7E0225F9-BBC2-4DCC-BFAD-62D9A329FB27}.Debug|x64.Build.0 = Debug|Any CPU
		{7E0225F9-BBC2-4DCC-BFAD-62D9A329FB27}.Debug|x64.Deploy.0 = Debug|Any CPU
		{7E0225F9-BBC2-4DCC-BFAD-62D9A329FB27}.Debug|x86.ActiveCfg = Debug|Any CPU
		{7E0225F9-BBC2-4DCC-BFAD-62D9A329FB27}.Debug|x86.Build.0 = Debug|Any CPU
		{7E0225F9-BBC2-4DCC-BFAD-62D9A329FB27}.Debug|x86.Deploy.0 = Debug|Any CPU
		{7E0225F9-BBC2-4DCC-BFAD-62D9A329FB27}.Release|Any CPU.ActiveCfg = Release|Any CPU
		{7E0225F9-BBC2-4DCC-BFAD-62D9A329FB27}.Release|Any CPU.Build.0 = Release|Any CPU
		{7E0225F9-BBC2-4DCC-BFAD-62D9A329FB27}.Release|Any CPU.Deploy.0 = Release|Any CPU
		{7E0225F9-BBC2-4DCC-BFAD-62D9A329FB27}.Release|ARM.ActiveCfg = Release|Any CPU
		{7E0225F9-BBC2-4DCC-BFAD-62D9A329FB27}.Release|ARM.Build.0 = Release|Any CPU
		{7E0225F9-BBC2-4DCC-BFAD-62D9A329FB27}.Release|ARM.Deploy.0 = Release|Any CPU
		{7E0225F9-BBC2-4DCC-BFAD-62D9A329FB27}.Release|iPhone.ActiveCfg = Release|Any CPU
		{7E0225F9-BBC2-4DCC-BFAD-62D9A329FB27}.Release|iPhone.Build.0 = Release|Any CPU
		{7E0225F9-BBC2-4DCC-BFAD-62D9A329FB27}.Release|iPhone.Deploy.0 = Release|Any CPU
		{7E0225F9-BBC2-4DCC-BFAD-62D9A329FB27}.Release|iPhoneSimulator.ActiveCfg = Release|Any CPU
		{7E0225F9-BBC2-4DCC-BFAD-62D9A329FB27}.Release|iPhoneSimulator.Build.0 = Release|Any CPU
		{7E0225F9-BBC2-4DCC-BFAD-62D9A329FB27}.Release|iPhoneSimulator.Deploy.0 = Release|Any CPU
		{7E0225F9-BBC2-4DCC-BFAD-62D9A329FB27}.Release|x64.ActiveCfg = Release|Any CPU
		{7E0225F9-BBC2-4DCC-BFAD-62D9A329FB27}.Release|x64.Build.0 = Release|Any CPU
		{7E0225F9-BBC2-4DCC-BFAD-62D9A329FB27}.Release|x64.Deploy.0 = Release|Any CPU
		{7E0225F9-BBC2-4DCC-BFAD-62D9A329FB27}.Release|x86.ActiveCfg = Release|Any CPU
		{7E0225F9-BBC2-4DCC-BFAD-62D9A329FB27}.Release|x86.Build.0 = Release|Any CPU
		{7E0225F9-BBC2-4DCC-BFAD-62D9A329FB27}.Release|x86.Deploy.0 = Release|Any CPU
		{2E0CE959-EF09-4853-8ACF-356A0B16E72D}.Ad-Hoc|Any CPU.ActiveCfg = Ad-Hoc|iPhone
		{2E0CE959-EF09-4853-8ACF-356A0B16E72D}.Ad-Hoc|ARM.ActiveCfg = Ad-Hoc|iPhone
		{2E0CE959-EF09-4853-8ACF-356A0B16E72D}.Ad-Hoc|iPhone.ActiveCfg = Ad-Hoc|iPhone
		{2E0CE959-EF09-4853-8ACF-356A0B16E72D}.Ad-Hoc|iPhone.Build.0 = Ad-Hoc|iPhone
		{2E0CE959-EF09-4853-8ACF-356A0B16E72D}.Ad-Hoc|iPhoneSimulator.ActiveCfg = Ad-Hoc|iPhoneSimulator
		{2E0CE959-EF09-4853-8ACF-356A0B16E72D}.Ad-Hoc|iPhoneSimulator.Build.0 = Ad-Hoc|iPhoneSimulator
		{2E0CE959-EF09-4853-8ACF-356A0B16E72D}.Ad-Hoc|x64.ActiveCfg = Ad-Hoc|iPhone
		{2E0CE959-EF09-4853-8ACF-356A0B16E72D}.Ad-Hoc|x86.ActiveCfg = Ad-Hoc|iPhone
		{2E0CE959-EF09-4853-8ACF-356A0B16E72D}.AppStore|Any CPU.ActiveCfg = AppStore|iPhone
		{2E0CE959-EF09-4853-8ACF-356A0B16E72D}.AppStore|ARM.ActiveCfg = AppStore|iPhone
		{2E0CE959-EF09-4853-8ACF-356A0B16E72D}.AppStore|iPhone.ActiveCfg = AppStore|iPhone
		{2E0CE959-EF09-4853-8ACF-356A0B16E72D}.AppStore|iPhone.Build.0 = AppStore|iPhone
		{2E0CE959-EF09-4853-8ACF-356A0B16E72D}.AppStore|iPhoneSimulator.ActiveCfg = AppStore|iPhoneSimulator
		{2E0CE959-EF09-4853-8ACF-356A0B16E72D}.AppStore|iPhoneSimulator.Build.0 = AppStore|iPhoneSimulator
		{2E0CE959-EF09-4853-8ACF-356A0B16E72D}.AppStore|x64.ActiveCfg = AppStore|iPhone
		{2E0CE959-EF09-4853-8ACF-356A0B16E72D}.AppStore|x86.ActiveCfg = AppStore|iPhone
		{2E0CE959-EF09-4853-8ACF-356A0B16E72D}.Debug|Any CPU.ActiveCfg = Debug|iPhone
		{2E0CE959-EF09-4853-8ACF-356A0B16E72D}.Debug|Any CPU.Build.0 = Debug|iPhone
		{2E0CE959-EF09-4853-8ACF-356A0B16E72D}.Debug|ARM.ActiveCfg = Debug|iPhone
		{2E0CE959-EF09-4853-8ACF-356A0B16E72D}.Debug|iPhone.ActiveCfg = Debug|iPhone
		{2E0CE959-EF09-4853-8ACF-356A0B16E72D}.Debug|iPhone.Build.0 = Debug|iPhone
		{2E0CE959-EF09-4853-8ACF-356A0B16E72D}.Debug|iPhoneSimulator.ActiveCfg = Debug|iPhoneSimulator
		{2E0CE959-EF09-4853-8ACF-356A0B16E72D}.Debug|iPhoneSimulator.Build.0 = Debug|iPhoneSimulator
		{2E0CE959-EF09-4853-8ACF-356A0B16E72D}.Debug|x64.ActiveCfg = Debug|iPhone
		{2E0CE959-EF09-4853-8ACF-356A0B16E72D}.Debug|x86.ActiveCfg = Debug|iPhone
		{2E0CE959-EF09-4853-8ACF-356A0B16E72D}.Release|Any CPU.ActiveCfg = Release|iPhone
		{2E0CE959-EF09-4853-8ACF-356A0B16E72D}.Release|ARM.ActiveCfg = Release|iPhone
		{2E0CE959-EF09-4853-8ACF-356A0B16E72D}.Release|iPhone.ActiveCfg = Release|iPhone
		{2E0CE959-EF09-4853-8ACF-356A0B16E72D}.Release|iPhone.Build.0 = Release|iPhone
		{2E0CE959-EF09-4853-8ACF-356A0B16E72D}.Release|iPhoneSimulator.ActiveCfg = Release|iPhoneSimulator
		{2E0CE959-EF09-4853-8ACF-356A0B16E72D}.Release|iPhoneSimulator.Build.0 = Release|iPhoneSimulator
		{2E0CE959-EF09-4853-8ACF-356A0B16E72D}.Release|x64.ActiveCfg = Release|iPhone
		{2E0CE959-EF09-4853-8ACF-356A0B16E72D}.Release|x86.ActiveCfg = Release|iPhone
		{03495ABB-EE12-4CDA-AAC1-0BF2DECF1725}.Ad-Hoc|Any CPU.ActiveCfg = Release|x86
		{03495ABB-EE12-4CDA-AAC1-0BF2DECF1725}.Ad-Hoc|Any CPU.Build.0 = Release|x86
		{03495ABB-EE12-4CDA-AAC1-0BF2DECF1725}.Ad-Hoc|Any CPU.Deploy.0 = Release|x86
		{03495ABB-EE12-4CDA-AAC1-0BF2DECF1725}.Ad-Hoc|ARM.ActiveCfg = Release|ARM
		{03495ABB-EE12-4CDA-AAC1-0BF2DECF1725}.Ad-Hoc|ARM.Build.0 = Release|ARM
		{03495ABB-EE12-4CDA-AAC1-0BF2DECF1725}.Ad-Hoc|ARM.Deploy.0 = Release|ARM
		{03495ABB-EE12-4CDA-AAC1-0BF2DECF1725}.Ad-Hoc|iPhone.ActiveCfg = Release|x86
		{03495ABB-EE12-4CDA-AAC1-0BF2DECF1725}.Ad-Hoc|iPhone.Build.0 = Release|x86
		{03495ABB-EE12-4CDA-AAC1-0BF2DECF1725}.Ad-Hoc|iPhone.Deploy.0 = Release|x86
		{03495ABB-EE12-4CDA-AAC1-0BF2DECF1725}.Ad-Hoc|iPhoneSimulator.ActiveCfg = Release|x86
		{03495ABB-EE12-4CDA-AAC1-0BF2DECF1725}.Ad-Hoc|iPhoneSimulator.Build.0 = Release|x86
		{03495ABB-EE12-4CDA-AAC1-0BF2DECF1725}.Ad-Hoc|iPhoneSimulator.Deploy.0 = Release|x86
		{03495ABB-EE12-4CDA-AAC1-0BF2DECF1725}.Ad-Hoc|x64.ActiveCfg = Release|x64
		{03495ABB-EE12-4CDA-AAC1-0BF2DECF1725}.Ad-Hoc|x64.Build.0 = Release|x64
		{03495ABB-EE12-4CDA-AAC1-0BF2DECF1725}.Ad-Hoc|x64.Deploy.0 = Release|x64
		{03495ABB-EE12-4CDA-AAC1-0BF2DECF1725}.Ad-Hoc|x86.ActiveCfg = Release|x86
		{03495ABB-EE12-4CDA-AAC1-0BF2DECF1725}.Ad-Hoc|x86.Build.0 = Release|x86
		{03495ABB-EE12-4CDA-AAC1-0BF2DECF1725}.Ad-Hoc|x86.Deploy.0 = Release|x86
		{03495ABB-EE12-4CDA-AAC1-0BF2DECF1725}.AppStore|Any CPU.ActiveCfg = Release|x86
		{03495ABB-EE12-4CDA-AAC1-0BF2DECF1725}.AppStore|Any CPU.Build.0 = Release|x86
		{03495ABB-EE12-4CDA-AAC1-0BF2DECF1725}.AppStore|Any CPU.Deploy.0 = Release|x86
		{03495ABB-EE12-4CDA-AAC1-0BF2DECF1725}.AppStore|ARM.ActiveCfg = Release|ARM
		{03495ABB-EE12-4CDA-AAC1-0BF2DECF1725}.AppStore|ARM.Build.0 = Release|ARM
		{03495ABB-EE12-4CDA-AAC1-0BF2DECF1725}.AppStore|ARM.Deploy.0 = Release|ARM
		{03495ABB-EE12-4CDA-AAC1-0BF2DECF1725}.AppStore|iPhone.ActiveCfg = Release|x86
		{03495ABB-EE12-4CDA-AAC1-0BF2DECF1725}.AppStore|iPhone.Build.0 = Release|x86
		{03495ABB-EE12-4CDA-AAC1-0BF2DECF1725}.AppStore|iPhone.Deploy.0 = Release|x86
		{03495ABB-EE12-4CDA-AAC1-0BF2DECF1725}.AppStore|iPhoneSimulator.ActiveCfg = Release|x86
		{03495ABB-EE12-4CDA-AAC1-0BF2DECF1725}.AppStore|iPhoneSimulator.Build.0 = Release|x86
		{03495ABB-EE12-4CDA-AAC1-0BF2DECF1725}.AppStore|iPhoneSimulator.Deploy.0 = Release|x86
		{03495ABB-EE12-4CDA-AAC1-0BF2DECF1725}.AppStore|x64.ActiveCfg = Release|x64
		{03495ABB-EE12-4CDA-AAC1-0BF2DECF1725}.AppStore|x64.Build.0 = Release|x64
		{03495ABB-EE12-4CDA-AAC1-0BF2DECF1725}.AppStore|x64.Deploy.0 = Release|x64
		{03495ABB-EE12-4CDA-AAC1-0BF2DECF1725}.AppStore|x86.ActiveCfg = Release|x86
		{03495ABB-EE12-4CDA-AAC1-0BF2DECF1725}.AppStore|x86.Build.0 = Release|x86
		{03495ABB-EE12-4CDA-AAC1-0BF2DECF1725}.AppStore|x86.Deploy.0 = Release|x86
		{03495ABB-EE12-4CDA-AAC1-0BF2DECF1725}.Debug|Any CPU.ActiveCfg = Debug|x86
		{03495ABB-EE12-4CDA-AAC1-0BF2DECF1725}.Debug|Any CPU.Build.0 = Debug|x86
		{03495ABB-EE12-4CDA-AAC1-0BF2DECF1725}.Debug|Any CPU.Deploy.0 = Debug|x86
		{03495ABB-EE12-4CDA-AAC1-0BF2DECF1725}.Debug|ARM.ActiveCfg = Debug|ARM
		{03495ABB-EE12-4CDA-AAC1-0BF2DECF1725}.Debug|ARM.Build.0 = Debug|ARM
		{03495ABB-EE12-4CDA-AAC1-0BF2DECF1725}.Debug|ARM.Deploy.0 = Debug|ARM
		{03495ABB-EE12-4CDA-AAC1-0BF2DECF1725}.Debug|iPhone.ActiveCfg = Debug|x86
		{03495ABB-EE12-4CDA-AAC1-0BF2DECF1725}.Debug|iPhoneSimulator.ActiveCfg = Debug|x86
		{03495ABB-EE12-4CDA-AAC1-0BF2DECF1725}.Debug|x64.ActiveCfg = Debug|x64
		{03495ABB-EE12-4CDA-AAC1-0BF2DECF1725}.Debug|x64.Build.0 = Debug|x64
		{03495ABB-EE12-4CDA-AAC1-0BF2DECF1725}.Debug|x64.Deploy.0 = Debug|x64
		{03495ABB-EE12-4CDA-AAC1-0BF2DECF1725}.Debug|x86.ActiveCfg = Debug|x86
		{03495ABB-EE12-4CDA-AAC1-0BF2DECF1725}.Debug|x86.Build.0 = Debug|x86
		{03495ABB-EE12-4CDA-AAC1-0BF2DECF1725}.Debug|x86.Deploy.0 = Debug|x86
		{03495ABB-EE12-4CDA-AAC1-0BF2DECF1725}.Release|Any CPU.ActiveCfg = Release|x86
		{03495ABB-EE12-4CDA-AAC1-0BF2DECF1725}.Release|ARM.ActiveCfg = Release|ARM
		{03495ABB-EE12-4CDA-AAC1-0BF2DECF1725}.Release|ARM.Build.0 = Release|ARM
		{03495ABB-EE12-4CDA-AAC1-0BF2DECF1725}.Release|ARM.Deploy.0 = Release|ARM
		{03495ABB-EE12-4CDA-AAC1-0BF2DECF1725}.Release|iPhone.ActiveCfg = Release|x86
		{03495ABB-EE12-4CDA-AAC1-0BF2DECF1725}.Release|iPhoneSimulator.ActiveCfg = Release|x86
		{03495ABB-EE12-4CDA-AAC1-0BF2DECF1725}.Release|x64.ActiveCfg = Release|x64
		{03495ABB-EE12-4CDA-AAC1-0BF2DECF1725}.Release|x64.Build.0 = Release|x64
		{03495ABB-EE12-4CDA-AAC1-0BF2DECF1725}.Release|x64.Deploy.0 = Release|x64
		{03495ABB-EE12-4CDA-AAC1-0BF2DECF1725}.Release|x86.ActiveCfg = Release|x86
		{03495ABB-EE12-4CDA-AAC1-0BF2DECF1725}.Release|x86.Build.0 = Release|x86
		{03495ABB-EE12-4CDA-AAC1-0BF2DECF1725}.Release|x86.Deploy.0 = Release|x86
	EndGlobalSection
	GlobalSection(SolutionProperties) = preSolution
		HideSolutionNode = FALSE
	EndGlobalSection
EndGlobal
